
Microsoft Visual Studio Solution File, Format Version 12.00
# Visual Studio Version 16
VisualStudioVersion = 16.0.28315.86
MinimumVisualStudioVersion = 10.0.40219.1
Project("{2150E333-8FDC-42A3-9474-1A3956D46DE8}") = "Engine", "Engine", "{12DCBBC7-F35D-4EC3-8CA5-91467E672398}"
EndProject
Project("{2150E333-8FDC-42A3-9474-1A3956D46DE8}") = "Games", "Games", "{3F2C20AA-1A82-4CB6-92DC-C8C3881F88FA}"
EndProject
Project("{8BC9CEB8-8B4A-11D0-8D11-00A0C91BC942}") = "UE4", "Intermediate\ProjectFiles\UE4.vcxproj", "{5754538C-EF93-4348-B98A-E1C5A96B2AEC}"
EndProject
Project("{8BC9CEB8-8B4A-11D0-8D11-00A0C91BC942}") = "BuildingEscape", "Intermediate\ProjectFiles\BuildingEscape.vcxproj", "{A4392122-DBCE-4CDB-8623-412F121EE53C}"
EndProject
Project("{2150E333-8FDC-42A3-9474-1A3956D46DE8}") = "Visualizers", "Visualizers", "{2307E660-0FEE-465F-AA31-78A17AA95C99}"
	ProjectSection(SolutionItems) = preProject
		..\..\..\..\..\Program Files\Epic Games\UE_4.22\Engine\Extras\VisualStudioDebugging\UE4.natvis = ..\..\..\..\..\Program Files\Epic Games\UE_4.22\Engine\Extras\VisualStudioDebugging\UE4.natvis
	EndProjectSection
EndProject
Global
	GlobalSection(SolutionConfigurationPlatforms) = preSolution
		DebugGame Editor|HTML5 = DebugGame Editor|HTML5
		DebugGame Editor|Win32 = DebugGame Editor|Win32
		DebugGame Editor|Win64 = DebugGame Editor|Win64
		DebugGame|HTML5 = DebugGame|HTML5
		DebugGame|Win32 = DebugGame|Win32
		DebugGame|Win64 = DebugGame|Win64
		Development Editor|HTML5 = Development Editor|HTML5
		Development Editor|Win32 = Development Editor|Win32
		Development Editor|Win64 = Development Editor|Win64
		Development|HTML5 = Development|HTML5
		Development|Win32 = Development|Win32
		Development|Win64 = Development|Win64
		Shipping|HTML5 = Shipping|HTML5
		Shipping|Win32 = Shipping|Win32
		Shipping|Win64 = Shipping|Win64
	EndGlobalSection
	GlobalSection(ProjectConfigurationPlatforms) = postSolution
		{5754538C-EF93-4348-B98A-E1C5A96B2AEC}.DebugGame Editor|HTML5.ActiveCfg = BuiltWithUnrealBuildTool|Win32
		{5754538C-EF93-4348-B98A-E1C5A96B2AEC}.DebugGame Editor|Win32.ActiveCfg = BuiltWithUnrealBuildTool|Win32
		{5754538C-EF93-4348-B98A-E1C5A96B2AEC}.DebugGame Editor|Win64.ActiveCfg = BuiltWithUnrealBuildTool|Win32
		{5754538C-EF93-4348-B98A-E1C5A96B2AEC}.DebugGame|HTML5.ActiveCfg = BuiltWithUnrealBuildTool|Win32
		{5754538C-EF93-4348-B98A-E1C5A96B2AEC}.DebugGame|Win32.ActiveCfg = BuiltWithUnrealBuildTool|Win32
		{5754538C-EF93-4348-B98A-E1C5A96B2AEC}.DebugGame|Win64.ActiveCfg = BuiltWithUnrealBuildTool|Win32
		{5754538C-EF93-4348-B98A-E1C5A96B2AEC}.Development Editor|HTML5.ActiveCfg = BuiltWithUnrealBuildTool|Win32
		{5754538C-EF93-4348-B98A-E1C5A96B2AEC}.Development Editor|Win32.ActiveCfg = BuiltWithUnrealBuildTool|Win32
		{5754538C-EF93-4348-B98A-E1C5A96B2AEC}.Development Editor|Win64.ActiveCfg = BuiltWithUnrealBuildTool|Win32
		{5754538C-EF93-4348-B98A-E1C5A96B2AEC}.Development|HTML5.ActiveCfg = BuiltWithUnrealBuildTool|Win32
		{5754538C-EF93-4348-B98A-E1C5A96B2AEC}.Development|Win32.ActiveCfg = BuiltWithUnrealBuildTool|Win32
		{5754538C-EF93-4348-B98A-E1C5A96B2AEC}.Development|Win64.ActiveCfg = BuiltWithUnrealBuildTool|Win32
		{5754538C-EF93-4348-B98A-E1C5A96B2AEC}.Shipping|HTML5.ActiveCfg = BuiltWithUnrealBuildTool|Win32
		{5754538C-EF93-4348-B98A-E1C5A96B2AEC}.Shipping|Win32.ActiveCfg = BuiltWithUnrealBuildTool|Win32
		{5754538C-EF93-4348-B98A-E1C5A96B2AEC}.Shipping|Win64.ActiveCfg = BuiltWithUnrealBuildTool|Win32
		{A4392122-DBCE-4CDB-8623-412F121EE53C}.DebugGame Editor|HTML5.ActiveCfg = Invalid|Win32
		{A4392122-DBCE-4CDB-8623-412F121EE53C}.DebugGame Editor|Win32.ActiveCfg = Invalid|Win32
		{A4392122-DBCE-4CDB-8623-412F121EE53C}.DebugGame Editor|Win64.ActiveCfg = DebugGame_Editor|x64
		{A4392122-DBCE-4CDB-8623-412F121EE53C}.DebugGame Editor|Win64.Build.0 = DebugGame_Editor|x64
		{A4392122-DBCE-4CDB-8623-412F121EE53C}.DebugGame|HTML5.ActiveCfg = HTML5_DebugGame|Win32
		{A4392122-DBCE-4CDB-8623-412F121EE53C}.DebugGame|HTML5.Build.0 = HTML5_DebugGame|Win32
		{A4392122-DBCE-4CDB-8623-412F121EE53C}.DebugGame|Win32.ActiveCfg = DebugGame|Win32
		{A4392122-DBCE-4CDB-8623-412F121EE53C}.DebugGame|Win32.Build.0 = DebugGame|Win32
		{A4392122-DBCE-4CDB-8623-412F121EE53C}.DebugGame|Win64.ActiveCfg = DebugGame|x64
		{A4392122-DBCE-4CDB-8623-412F121EE53C}.DebugGame|Win64.Build.0 = DebugGame|x64
		{A4392122-DBCE-4CDB-8623-412F121EE53C}.Development Editor|HTML5.ActiveCfg = Invalid|Win32
		{A4392122-DBCE-4CDB-8623-412F121EE53C}.Development Editor|Win32.ActiveCfg = Invalid|Win32
		{A4392122-DBCE-4CDB-8623-412F121EE53C}.Development Editor|Win64.ActiveCfg = Development_Editor|x64
		{A4392122-DBCE-4CDB-8623-412F121EE53C}.Development Editor|Win64.Build.0 = Development_Editor|x64
		{A4392122-DBCE-4CDB-8623-412F121EE53C}.Development|HTML5.ActiveCfg = HTML5_Development|Win32
		{A4392122-DBCE-4CDB-8623-412F121EE53C}.Development|HTML5.Build.0 = HTML5_Development|Win32
		{A4392122-DBCE-4CDB-8623-412F121EE53C}.Development|Win32.ActiveCfg = Development|Win32
		{A4392122-DBCE-4CDB-8623-412F121EE53C}.Development|Win32.Build.0 = Development|Win32
		{A4392122-DBCE-4CDB-8623-412F121EE53C}.Development|Win64.ActiveCfg = Development|x64
		{A4392122-DBCE-4CDB-8623-412F121EE53C}.Development|Win64.Build.0 = Development|x64
		{A4392122-DBCE-4CDB-8623-412F121EE53C}.Shipping|HTML5.ActiveCfg = HTML5_Shipping|Win32
		{A4392122-DBCE-4CDB-8623-412F121EE53C}.Shipping|HTML5.Build.0 = HTML5_Shipping|Win32
		{A4392122-DBCE-4CDB-8623-412F121EE53C}.Shipping|Win32.ActiveCfg = Shipping|Win32
		{A4392122-DBCE-4CDB-8623-412F121EE53C}.Shipping|Win32.Build.0 = Shipping|Win32
		{A4392122-DBCE-4CDB-8623-412F121EE53C}.Shipping|Win64.ActiveCfg = Shipping|x64
		{A4392122-DBCE-4CDB-8623-412F121EE53C}.Shipping|Win64.Build.0 = Shipping|x64
	EndGlobalSection
	GlobalSection(SolutionProperties) = preSolution
		HideSolutionNode = FALSE
	EndGlobalSection
	GlobalSection(NestedProjects) = preSolution
		{5754538C-EF93-4348-B98A-E1C5A96B2AEC} = {12DCBBC7-F35D-4EC3-8CA5-91467E672398}
		{A4392122-DBCE-4CDB-8623-412F121EE53C} = {3F2C20AA-1A82-4CB6-92DC-C8C3881F88FA}
	EndGlobalSection
EndGlobal
